
Microsoft Visual Studio Solution File, Format Version 12.00
# Visual Studio 14
VisualStudioVersion = 14.0.25420.1
MinimumVisualStudioVersion = 10.0.40219.1
Project("{FAE04EC0-301F-11D3-BF4B-00C04F79EFBC}") = "clspy", "clspy\clspy.csproj", "{F033A805-E7B8-4D0C-95A0-2F03101AF041}"
EndProject
Global
	GlobalSection(SolutionConfigurationPlatforms) = preSolution
		Debug|Any CPU = Debug|Any CPU
		Release|Any CPU = Release|Any CPU
	EndGlobalSection
	GlobalSection(ProjectConfigurationPlatforms) = postSolution
		{F033A805-E7B8-4D0C-95A0-2F03101AF041}.Debug|Any CPU.ActiveCfg = Debug|Any CPU
		{F033A805-E7B8-4D0C-95A0-2F03101AF041}.Debug|Any CPU.Build.0 = Debug|Any CPU
		{F033A805-E7B8-4D0C-95A0-2F03101AF041}.Release|Any CPU.ActiveCfg = Release|Any CPU
		{F033A805-E7B8-4D0C-95A0-2F03101AF041}.Release|Any CPU.Build.0 = Release|Any CPU
	EndGlobalSection
	GlobalSection(SolutionProperties) = preSolution
		HideSolutionNode = FALSE
	EndGlobalSection
EndGlobal
